// !$*UTF8*$!
{
	archiveVersion = 1;
	classes = {
	};
	objectVersion = 56;
	objects = {

/* Begin PBXBuildFile section */
		E12CBB762B5B525A00B79FB8 /* MKMapRect.swift in Sources */ = {isa = PBXBuildFile; fileRef = E12CBB752B5B525A00B79FB8 /* MKMapRect.swift */; };
		E12CBB782B5CBB2B00B79FB8 /* RideDetailsModel.swift in Sources */ = {isa = PBXBuildFile; fileRef = E12CBB772B5CBB2B00B79FB8 /* RideDetailsModel.swift */; };
		E12CBB7C2B5CBF0300B79FB8 /* VehicleType.swift in Sources */ = {isa = PBXBuildFile; fileRef = E12CBB7B2B5CBF0300B79FB8 /* VehicleType.swift */; };
		E12CBB7E2B5CC02800B79FB8 /* VehicleSelection.swift in Sources */ = {isa = PBXBuildFile; fileRef = E12CBB7D2B5CC02800B79FB8 /* VehicleSelection.swift */; };
		E12CBB802B5CC43100B79FB8 /* Double.swift in Sources */ = {isa = PBXBuildFile; fileRef = E12CBB7F2B5CC43100B79FB8 /* Double.swift */; };
		E13EA77B2BAFB72B00FD3533 /* RideDetailView.swift in Sources */ = {isa = PBXBuildFile; fileRef = E13EA77A2BAFB72A00FD3533 /* RideDetailView.swift */; };
		E13EA77D2BAFB77100FD3533 /* RideCell.swift in Sources */ = {isa = PBXBuildFile; fileRef = E13EA77C2BAFB77100FD3533 /* RideCell.swift */; };
		E13EA77F2BAFB7AF00FD3533 /* Ride.swift in Sources */ = {isa = PBXBuildFile; fileRef = E13EA77E2BAFB7AF00FD3533 /* Ride.swift */; };
		E13EA7812BB0DFCE00FD3533 /* RidesPicker.swift in Sources */ = {isa = PBXBuildFile; fileRef = E13EA7802BB0DFCE00FD3533 /* RidesPicker.swift */; };
		E17E35F02B9CDA3C0054AA2D /* Stripe in Frameworks */ = {isa = PBXBuildFile; productRef = E17E35EF2B9CDA3C0054AA2D /* Stripe */; };
		E17E35F22B9CDA3C0054AA2D /* StripePaymentSheet in Frameworks */ = {isa = PBXBuildFile; productRef = E17E35F12B9CDA3C0054AA2D /* StripePaymentSheet */; };
		E17E35F42B9CDA3C0054AA2D /* StripePayments in Frameworks */ = {isa = PBXBuildFile; productRef = E17E35F32B9CDA3C0054AA2D /* StripePayments */; };
		E17E35F62B9CDA3C0054AA2D /* StripePaymentsUI in Frameworks */ = {isa = PBXBuildFile; productRef = E17E35F52B9CDA3C0054AA2D /* StripePaymentsUI */; };
		E17E35FC2B9CE2C60054AA2D /* StripeModel.swift in Sources */ = {isa = PBXBuildFile; fileRef = E17E35FB2B9CE2C60054AA2D /* StripeModel.swift */; };
		E17E35FE2B9CF7860054AA2D /* PriceResponse.swift in Sources */ = {isa = PBXBuildFile; fileRef = E17E35FD2B9CF7860054AA2D /* PriceResponse.swift */; };
		E17F667C2B50C47E0085FE81 /* Marco_Island_ExpressApp.swift in Sources */ = {isa = PBXBuildFile; fileRef = E17F667B2B50C47E0085FE81 /* Marco_Island_ExpressApp.swift */; };
		E17F66802B50C47F0085FE81 /* Assets.xcassets in Resources */ = {isa = PBXBuildFile; fileRef = E17F667F2B50C47F0085FE81 /* Assets.xcassets */; };
		E17F66832B50C47F0085FE81 /* Preview Assets.xcassets in Resources */ = {isa = PBXBuildFile; fileRef = E17F66822B50C47F0085FE81 /* Preview Assets.xcassets */; };
		E17F668A2B50C5680085FE81 /* GoogleService-Info.plist in Resources */ = {isa = PBXBuildFile; fileRef = E17F66892B50C5680085FE81 /* GoogleService-Info.plist */; };
		E17F668F2B50C5EA0085FE81 /* FirebaseAnalytics in Frameworks */ = {isa = PBXBuildFile; productRef = E17F668E2B50C5EA0085FE81 /* FirebaseAnalytics */; };
		E17F66912B50C5EA0085FE81 /* FirebaseAuth in Frameworks */ = {isa = PBXBuildFile; productRef = E17F66902B50C5EA0085FE81 /* FirebaseAuth */; };
		E17F66932B50C5EA0085FE81 /* FirebaseCrashlytics in Frameworks */ = {isa = PBXBuildFile; productRef = E17F66922B50C5EA0085FE81 /* FirebaseCrashlytics */; };
		E17F66952B50C5EA0085FE81 /* FirebaseFirestore in Frameworks */ = {isa = PBXBuildFile; productRef = E17F66942B50C5EA0085FE81 /* FirebaseFirestore */; };
		E17F66972B50C5EA0085FE81 /* FirebaseMessaging in Frameworks */ = {isa = PBXBuildFile; productRef = E17F66962B50C5EA0085FE81 /* FirebaseMessaging */; };
		E17F66992B50C8DE0085FE81 /* HomeView.swift in Sources */ = {isa = PBXBuildFile; fileRef = E17F66982B50C8DE0085FE81 /* HomeView.swift */; };
		E17F669B2B50C91A0085FE81 /* LoginView.swift in Sources */ = {isa = PBXBuildFile; fileRef = E17F669A2B50C91A0085FE81 /* LoginView.swift */; };
		E17F669D2B50CF090085FE81 /* CustomTextField.swift in Sources */ = {isa = PBXBuildFile; fileRef = E17F669C2B50CF090085FE81 /* CustomTextField.swift */; };
		E17F669F2B50D45E0085FE81 /* AccentButton.swift in Sources */ = {isa = PBXBuildFile; fileRef = E17F669E2B50D45E0085FE81 /* AccentButton.swift */; };
		E17F66A12B5102C80085FE81 /* SignupView.swift in Sources */ = {isa = PBXBuildFile; fileRef = E17F66A02B5102C80085FE81 /* SignupView.swift */; };
		E17F66A52B51F4FE0085FE81 /* MenuButton.swift in Sources */ = {isa = PBXBuildFile; fileRef = E17F66A42B51F4FE0085FE81 /* MenuButton.swift */; };
		E17F66AC2B5239400085FE81 /* SettingsView.swift in Sources */ = {isa = PBXBuildFile; fileRef = E17F66AB2B5239400085FE81 /* SettingsView.swift */; };
		E17F66AE2B52394D0085FE81 /* RidesView.swift in Sources */ = {isa = PBXBuildFile; fileRef = E17F66AD2B52394D0085FE81 /* RidesView.swift */; };
		E17F66B02B5239610085FE81 /* BookView.swift in Sources */ = {isa = PBXBuildFile; fileRef = E17F66AF2B5239610085FE81 /* BookView.swift */; };
		E1D5DC552B86F78400A78C03 /* Date.swift in Sources */ = {isa = PBXBuildFile; fileRef = E1D5DC542B86F78400A78C03 /* Date.swift */; };
		E1DD4E0E2B530DB7005CD295 /* Color.swift in Sources */ = {isa = PBXBuildFile; fileRef = E1DD4E0D2B530DB7005CD295 /* Color.swift */; };
		E1DD4E122B532DE7005CD295 /* ActionButton.swift in Sources */ = {isa = PBXBuildFile; fileRef = E1DD4E112B532DE7005CD295 /* ActionButton.swift */; };
		E1DD4E142B533317005CD295 /* UserModel.swift in Sources */ = {isa = PBXBuildFile; fileRef = E1DD4E132B533317005CD295 /* UserModel.swift */; };
		E1DD4E172B53340C005CD295 /* User.swift in Sources */ = {isa = PBXBuildFile; fileRef = E1DD4E162B53340C005CD295 /* User.swift */; };
		E1DD4E192B5344A7005CD295 /* RootView.swift in Sources */ = {isa = PBXBuildFile; fileRef = E1DD4E182B5344A7005CD295 /* RootView.swift */; };
		E1DD4E1B2B536F56005CD295 /* LocationSearchModel.swift in Sources */ = {isa = PBXBuildFile; fileRef = E1DD4E1A2B536F56005CD295 /* LocationSearchModel.swift */; };
		E1DD4E1D2B5370B4005CD295 /* SearchView.swift in Sources */ = {isa = PBXBuildFile; fileRef = E1DD4E1C2B5370B4005CD295 /* SearchView.swift */; };
		E1DD4E212B5371BC005CD295 /* SearchField.swift in Sources */ = {isa = PBXBuildFile; fileRef = E1DD4E202B5371BC005CD295 /* SearchField.swift */; };
		E1DD4E232B5371E5005CD295 /* SearchUserState.swift in Sources */ = {isa = PBXBuildFile; fileRef = E1DD4E222B5371E5005CD295 /* SearchUserState.swift */; };
		E1DD4E262B5372B4005CD295 /* LocationSearchResultCell.swift in Sources */ = {isa = PBXBuildFile; fileRef = E1DD4E252B5372B4005CD295 /* LocationSearchResultCell.swift */; };
		E1DD4E282B537587005CD295 /* MapView.swift in Sources */ = {isa = PBXBuildFile; fileRef = E1DD4E272B537587005CD295 /* MapView.swift */; };
		E1DD4E2A2B537615005CD295 /* SearchButton.swift in Sources */ = {isa = PBXBuildFile; fileRef = E1DD4E292B537615005CD295 /* SearchButton.swift */; };
		E1DD4E2C2B5378DD005CD295 /* MapViewState.swift in Sources */ = {isa = PBXBuildFile; fileRef = E1DD4E2B2B5378DD005CD295 /* MapViewState.swift */; };
		E1DD4E2E2B537C46005CD295 /* Location.swift in Sources */ = {isa = PBXBuildFile; fileRef = E1DD4E2D2B537C46005CD295 /* Location.swift */; };
		E1DD4E362B586C4B005CD295 /* AddressBar.swift in Sources */ = {isa = PBXBuildFile; fileRef = E1DD4E352B586C4B005CD295 /* AddressBar.swift */; };
		E1DD4E382B586FD2005CD295 /* SheetView.swift in Sources */ = {isa = PBXBuildFile; fileRef = E1DD4E372B586FD2005CD295 /* SheetView.swift */; };
		E1DD4E3A2B5871B1005CD295 /* SuggestedRidesView.swift in Sources */ = {isa = PBXBuildFile; fileRef = E1DD4E392B5871B1005CD295 /* SuggestedRidesView.swift */; };
		E1DD4E3C2B587310005CD295 /* RideOptionView.swift in Sources */ = {isa = PBXBuildFile; fileRef = E1DD4E3B2B58730F005CD295 /* RideOptionView.swift */; };
		E1EB91592B61E7F6008558F8 /* DetailsSheetView.swift in Sources */ = {isa = PBXBuildFile; fileRef = E1EB91582B61E7F6008558F8 /* DetailsSheetView.swift */; };
		E1EB915B2B61E89E008558F8 /* ConfirmAirportDetailsSheet.swift in Sources */ = {isa = PBXBuildFile; fileRef = E1EB915A2B61E89E008558F8 /* ConfirmAirportDetailsSheet.swift */; };
		E1EB915F2B65DCF9008558F8 /* ReviewOrderView.swift in Sources */ = {isa = PBXBuildFile; fileRef = E1EB915E2B65DCF9008558F8 /* ReviewOrderView.swift */; };
		E1EB91612B65DD40008558F8 /* RideDetailsSubview.swift in Sources */ = {isa = PBXBuildFile; fileRef = E1EB91602B65DD40008558F8 /* RideDetailsSubview.swift */; };
		E1EB91632B65DD5B008558F8 /* LocationDetailsSubview.swift in Sources */ = {isa = PBXBuildFile; fileRef = E1EB91622B65DD5B008558F8 /* LocationDetailsSubview.swift */; };
		E1EB91652B65DD7F008558F8 /* TipSubview.swift in Sources */ = {isa = PBXBuildFile; fileRef = E1EB91642B65DD7F008558F8 /* TipSubview.swift */; };
		E1EB91672B65DDC6008558F8 /* PricesSummarySubview.swift in Sources */ = {isa = PBXBuildFile; fileRef = E1EB91662B65DDC5008558F8 /* PricesSummarySubview.swift */; };
		E1EB91692B75B0D8008558F8 /* TipPicker.swift in Sources */ = {isa = PBXBuildFile; fileRef = E1EB91682B75B0D8008558F8 /* TipPicker.swift */; };
/* End PBXBuildFile section */

/* Begin PBXFileReference section */
		E12CBB752B5B525A00B79FB8 /* MKMapRect.swift */ = {isa = PBXFileReference; lastKnownFileType = sourcecode.swift; path = MKMapRect.swift; sourceTree = "<group>"; };
		E12CBB772B5CBB2B00B79FB8 /* RideDetailsModel.swift */ = {isa = PBXFileReference; lastKnownFileType = sourcecode.swift; path = RideDetailsModel.swift; sourceTree = "<group>"; };
		E12CBB7B2B5CBF0300B79FB8 /* VehicleType.swift */ = {isa = PBXFileReference; lastKnownFileType = sourcecode.swift; path = VehicleType.swift; sourceTree = "<group>"; };
		E12CBB7D2B5CC02800B79FB8 /* VehicleSelection.swift */ = {isa = PBXFileReference; lastKnownFileType = sourcecode.swift; path = VehicleSelection.swift; sourceTree = "<group>"; };
		E12CBB7F2B5CC43100B79FB8 /* Double.swift */ = {isa = PBXFileReference; lastKnownFileType = sourcecode.swift; path = Double.swift; sourceTree = "<group>"; };
		E13EA77A2BAFB72A00FD3533 /* RideDetailView.swift */ = {isa = PBXFileReference; lastKnownFileType = sourcecode.swift; path = RideDetailView.swift; sourceTree = "<group>"; };
		E13EA77C2BAFB77100FD3533 /* RideCell.swift */ = {isa = PBXFileReference; lastKnownFileType = sourcecode.swift; path = RideCell.swift; sourceTree = "<group>"; };
		E13EA77E2BAFB7AF00FD3533 /* Ride.swift */ = {isa = PBXFileReference; lastKnownFileType = sourcecode.swift; path = Ride.swift; sourceTree = "<group>"; };
		E13EA7802BB0DFCE00FD3533 /* RidesPicker.swift */ = {isa = PBXFileReference; lastKnownFileType = sourcecode.swift; path = RidesPicker.swift; sourceTree = "<group>"; };
		E13EA7842BB10B9E00FD3533 /* Marco-Island-Express-Info.plist */ = {isa = PBXFileReference; lastKnownFileType = text.plist; path = "Marco-Island-Express-Info.plist"; sourceTree = SOURCE_ROOT; };
		E17E35FB2B9CE2C60054AA2D /* StripeModel.swift */ = {isa = PBXFileReference; lastKnownFileType = sourcecode.swift; path = StripeModel.swift; sourceTree = "<group>"; };
		E17E35FD2B9CF7860054AA2D /* PriceResponse.swift */ = {isa = PBXFileReference; lastKnownFileType = sourcecode.swift; path = PriceResponse.swift; sourceTree = "<group>"; };
		E17F66782B50C47E0085FE81 /* Marco Island Express.app */ = {isa = PBXFileReference; explicitFileType = wrapper.application; includeInIndex = 0; path = "Marco Island Express.app"; sourceTree = BUILT_PRODUCTS_DIR; };
		E17F667B2B50C47E0085FE81 /* Marco_Island_ExpressApp.swift */ = {isa = PBXFileReference; lastKnownFileType = sourcecode.swift; path = Marco_Island_ExpressApp.swift; sourceTree = "<group>"; };
		E17F667F2B50C47F0085FE81 /* Assets.xcassets */ = {isa = PBXFileReference; lastKnownFileType = folder.assetcatalog; path = Assets.xcassets; sourceTree = "<group>"; };
		E17F66822B50C47F0085FE81 /* Preview Assets.xcassets */ = {isa = PBXFileReference; lastKnownFileType = folder.assetcatalog; path = "Preview Assets.xcassets"; sourceTree = "<group>"; };
		E17F66892B50C5680085FE81 /* GoogleService-Info.plist */ = {isa = PBXFileReference; fileEncoding = 4; lastKnownFileType = text.plist.xml; name = "GoogleService-Info.plist"; path = "../../../../Downloads/GoogleService-Info.plist"; sourceTree = "<group>"; };
		E17F668C2B50C5820085FE81 /* GoogleService-Info.plist */ = {isa = PBXFileReference; lastKnownFileType = text.plist.xml; name = "GoogleService-Info.plist"; path = "../../../Downloads/GoogleService-Info.plist"; sourceTree = "<group>"; };
		E17F66982B50C8DE0085FE81 /* HomeView.swift */ = {isa = PBXFileReference; lastKnownFileType = sourcecode.swift; path = HomeView.swift; sourceTree = "<group>"; };
		E17F669A2B50C91A0085FE81 /* LoginView.swift */ = {isa = PBXFileReference; lastKnownFileType = sourcecode.swift; path = LoginView.swift; sourceTree = "<group>"; };
		E17F669C2B50CF090085FE81 /* CustomTextField.swift */ = {isa = PBXFileReference; lastKnownFileType = sourcecode.swift; path = CustomTextField.swift; sourceTree = "<group>"; };
		E17F669E2B50D45E0085FE81 /* AccentButton.swift */ = {isa = PBXFileReference; lastKnownFileType = sourcecode.swift; path = AccentButton.swift; sourceTree = "<group>"; };
		E17F66A02B5102C80085FE81 /* SignupView.swift */ = {isa = PBXFileReference; lastKnownFileType = sourcecode.swift; path = SignupView.swift; sourceTree = "<group>"; };
		E17F66A42B51F4FE0085FE81 /* MenuButton.swift */ = {isa = PBXFileReference; lastKnownFileType = sourcecode.swift; path = MenuButton.swift; sourceTree = "<group>"; };
		E17F66AB2B5239400085FE81 /* SettingsView.swift */ = {isa = PBXFileReference; lastKnownFileType = sourcecode.swift; path = SettingsView.swift; sourceTree = "<group>"; };
		E17F66AD2B52394D0085FE81 /* RidesView.swift */ = {isa = PBXFileReference; lastKnownFileType = sourcecode.swift; path = RidesView.swift; sourceTree = "<group>"; };
		E17F66AF2B5239610085FE81 /* BookView.swift */ = {isa = PBXFileReference; lastKnownFileType = sourcecode.swift; path = BookView.swift; sourceTree = "<group>"; };
		E1D5DC542B86F78400A78C03 /* Date.swift */ = {isa = PBXFileReference; lastKnownFileType = sourcecode.swift; path = Date.swift; sourceTree = "<group>"; };
		E1DD4E0D2B530DB7005CD295 /* Color.swift */ = {isa = PBXFileReference; lastKnownFileType = sourcecode.swift; path = Color.swift; sourceTree = "<group>"; };
		E1DD4E112B532DE7005CD295 /* ActionButton.swift */ = {isa = PBXFileReference; lastKnownFileType = sourcecode.swift; path = ActionButton.swift; sourceTree = "<group>"; };
		E1DD4E132B533317005CD295 /* UserModel.swift */ = {isa = PBXFileReference; lastKnownFileType = sourcecode.swift; path = UserModel.swift; sourceTree = "<group>"; };
		E1DD4E162B53340C005CD295 /* User.swift */ = {isa = PBXFileReference; lastKnownFileType = sourcecode.swift; path = User.swift; sourceTree = "<group>"; };
		E1DD4E182B5344A7005CD295 /* RootView.swift */ = {isa = PBXFileReference; lastKnownFileType = sourcecode.swift; path = RootView.swift; sourceTree = "<group>"; };
		E1DD4E1A2B536F56005CD295 /* LocationSearchModel.swift */ = {isa = PBXFileReference; lastKnownFileType = sourcecode.swift; path = LocationSearchModel.swift; sourceTree = "<group>"; };
		E1DD4E1C2B5370B4005CD295 /* SearchView.swift */ = {isa = PBXFileReference; lastKnownFileType = sourcecode.swift; path = SearchView.swift; sourceTree = "<group>"; };
		E1DD4E202B5371BC005CD295 /* SearchField.swift */ = {isa = PBXFileReference; lastKnownFileType = sourcecode.swift; path = SearchField.swift; sourceTree = "<group>"; };
		E1DD4E222B5371E5005CD295 /* SearchUserState.swift */ = {isa = PBXFileReference; lastKnownFileType = sourcecode.swift; path = SearchUserState.swift; sourceTree = "<group>"; };
		E1DD4E252B5372B4005CD295 /* LocationSearchResultCell.swift */ = {isa = PBXFileReference; lastKnownFileType = sourcecode.swift; path = LocationSearchResultCell.swift; sourceTree = "<group>"; };
		E1DD4E272B537587005CD295 /* MapView.swift */ = {isa = PBXFileReference; lastKnownFileType = sourcecode.swift; path = MapView.swift; sourceTree = "<group>"; };
		E1DD4E292B537615005CD295 /* SearchButton.swift */ = {isa = PBXFileReference; lastKnownFileType = sourcecode.swift; path = SearchButton.swift; sourceTree = "<group>"; };
		E1DD4E2B2B5378DD005CD295 /* MapViewState.swift */ = {isa = PBXFileReference; lastKnownFileType = sourcecode.swift; path = MapViewState.swift; sourceTree = "<group>"; };
		E1DD4E2D2B537C46005CD295 /* Location.swift */ = {isa = PBXFileReference; lastKnownFileType = sourcecode.swift; path = Location.swift; sourceTree = "<group>"; };
		E1DD4E352B586C4B005CD295 /* AddressBar.swift */ = {isa = PBXFileReference; lastKnownFileType = sourcecode.swift; path = AddressBar.swift; sourceTree = "<group>"; };
		E1DD4E372B586FD2005CD295 /* SheetView.swift */ = {isa = PBXFileReference; lastKnownFileType = sourcecode.swift; path = SheetView.swift; sourceTree = "<group>"; };
		E1DD4E392B5871B1005CD295 /* SuggestedRidesView.swift */ = {isa = PBXFileReference; lastKnownFileType = sourcecode.swift; path = SuggestedRidesView.swift; sourceTree = "<group>"; };
		E1DD4E3B2B58730F005CD295 /* RideOptionView.swift */ = {isa = PBXFileReference; lastKnownFileType = sourcecode.swift; path = RideOptionView.swift; sourceTree = "<group>"; };
		E1EB91582B61E7F6008558F8 /* DetailsSheetView.swift */ = {isa = PBXFileReference; lastKnownFileType = sourcecode.swift; path = DetailsSheetView.swift; sourceTree = "<group>"; };
		E1EB915A2B61E89E008558F8 /* ConfirmAirportDetailsSheet.swift */ = {isa = PBXFileReference; lastKnownFileType = sourcecode.swift; path = ConfirmAirportDetailsSheet.swift; sourceTree = "<group>"; };
		E1EB915E2B65DCF9008558F8 /* ReviewOrderView.swift */ = {isa = PBXFileReference; lastKnownFileType = sourcecode.swift; path = ReviewOrderView.swift; sourceTree = "<group>"; };
		E1EB91602B65DD40008558F8 /* RideDetailsSubview.swift */ = {isa = PBXFileReference; lastKnownFileType = sourcecode.swift; path = RideDetailsSubview.swift; sourceTree = "<group>"; };
		E1EB91622B65DD5B008558F8 /* LocationDetailsSubview.swift */ = {isa = PBXFileReference; lastKnownFileType = sourcecode.swift; path = LocationDetailsSubview.swift; sourceTree = "<group>"; };
		E1EB91642B65DD7F008558F8 /* TipSubview.swift */ = {isa = PBXFileReference; lastKnownFileType = sourcecode.swift; path = TipSubview.swift; sourceTree = "<group>"; };
		E1EB91662B65DDC5008558F8 /* PricesSummarySubview.swift */ = {isa = PBXFileReference; lastKnownFileType = sourcecode.swift; path = PricesSummarySubview.swift; sourceTree = "<group>"; };
		E1EB91682B75B0D8008558F8 /* TipPicker.swift */ = {isa = PBXFileReference; lastKnownFileType = sourcecode.swift; path = TipPicker.swift; sourceTree = "<group>"; };
/* End PBXFileReference section */

/* Begin PBXFrameworksBuildPhase section */
		E17F66752B50C47E0085FE81 /* Frameworks */ = {
			isa = PBXFrameworksBuildPhase;
			buildActionMask = 2147483647;
			files = (
				E17F66932B50C5EA0085FE81 /* FirebaseCrashlytics in Frameworks */,
				E17F66952B50C5EA0085FE81 /* FirebaseFirestore in Frameworks */,
				E17F66972B50C5EA0085FE81 /* FirebaseMessaging in Frameworks */,
				E17F668F2B50C5EA0085FE81 /* FirebaseAnalytics in Frameworks */,
				E17E35F22B9CDA3C0054AA2D /* StripePaymentSheet in Frameworks */,
				E17F66912B50C5EA0085FE81 /* FirebaseAuth in Frameworks */,
				E17E35F62B9CDA3C0054AA2D /* StripePaymentsUI in Frameworks */,
				E17E35F42B9CDA3C0054AA2D /* StripePayments in Frameworks */,
				E17E35F02B9CDA3C0054AA2D /* Stripe in Frameworks */,
			);
			runOnlyForDeploymentPostprocessing = 0;
		};
/* End PBXFrameworksBuildPhase section */

/* Begin PBXGroup section */
		E17F666F2B50C47E0085FE81 = {
			isa = PBXGroup;
			children = (
				E17F667A2B50C47E0085FE81 /* Marco Island Express */,
				E17F66792B50C47E0085FE81 /* Products */,
			);
			sourceTree = "<group>";
		};
		E17F66792B50C47E0085FE81 /* Products */ = {
			isa = PBXGroup;
			children = (
				E17F66782B50C47E0085FE81 /* Marco Island Express.app */,
			);
			name = Products;
			sourceTree = "<group>";
		};
		E17F667A2B50C47E0085FE81 /* Marco Island Express */ = {
			isa = PBXGroup;
			children = (
				E13EA7842BB10B9E00FD3533 /* Marco-Island-Express-Info.plist */,
				E17F667B2B50C47E0085FE81 /* Marco_Island_ExpressApp.swift */,
				E1DD4E182B5344A7005CD295 /* RootView.swift */,
				E17F66982B50C8DE0085FE81 /* HomeView.swift */,
				E1DD4E3D2B59F746005CD295 /* Core */,
				E17F66B22B52399B0085FE81 /* ViewModels */,
				E17F66B12B5239720085FE81 /* CustomComponents */,
				E1DD4E152B5333A8005CD295 /* Structs */,
				E1DD4E0C2B530DA0005CD295 /* Extensions */,
				E1DD4E1F2B5371A8005CD295 /* Enums */,
				E17F667F2B50C47F0085FE81 /* Assets.xcassets */,
				E17F668C2B50C5820085FE81 /* GoogleService-Info.plist */,
				E17F66812B50C47F0085FE81 /* Preview Content */,
			);
			path = "Marco Island Express";
			sourceTree = "<group>";
		};
		E17F66812B50C47F0085FE81 /* Preview Content */ = {
			isa = PBXGroup;
			children = (
				E17F66892B50C5680085FE81 /* GoogleService-Info.plist */,
				E17F66822B50C47F0085FE81 /* Preview Assets.xcassets */,
			);
			path = "Preview Content";
			sourceTree = "<group>";
		};
		E17F66A82B52391C0085FE81 /* Booking */ = {
			isa = PBXGroup;
			children = (
				E17F66AF2B5239610085FE81 /* BookView.swift */,
				E1DD4E272B537587005CD295 /* MapView.swift */,
				E1DD4E292B537615005CD295 /* SearchButton.swift */,
				E1DD4E242B53729E005CD295 /* Search */,
				E1DD4E312B586B95005CD295 /* Details */,
				E1DD4E322B586BA0005CD295 /* Review */,
			);
			path = Booking;
			sourceTree = "<group>";
		};
		E17F66A92B5239280085FE81 /* Rides */ = {
			isa = PBXGroup;
			children = (
				E17F66AD2B52394D0085FE81 /* RidesView.swift */,
				E13EA77A2BAFB72A00FD3533 /* RideDetailView.swift */,
				E13EA77C2BAFB77100FD3533 /* RideCell.swift */,
			);
			path = Rides;
			sourceTree = "<group>";
		};
		E17F66AA2B52392E0085FE81 /* Settings */ = {
			isa = PBXGroup;
			children = (
				E17F66AB2B5239400085FE81 /* SettingsView.swift */,
			);
			path = Settings;
			sourceTree = "<group>";
		};
		E17F66B12B5239720085FE81 /* CustomComponents */ = {
			isa = PBXGroup;
			children = (
				E17F66A42B51F4FE0085FE81 /* MenuButton.swift */,
				E17F669C2B50CF090085FE81 /* CustomTextField.swift */,
				E17F669E2B50D45E0085FE81 /* AccentButton.swift */,
				E1DD4E112B532DE7005CD295 /* ActionButton.swift */,
				E1EB91682B75B0D8008558F8 /* TipPicker.swift */,
				E13EA7802BB0DFCE00FD3533 /* RidesPicker.swift */,
			);
			path = CustomComponents;
			sourceTree = "<group>";
		};
		E17F66B22B52399B0085FE81 /* ViewModels */ = {
			isa = PBXGroup;
			children = (
				E1DD4E132B533317005CD295 /* UserModel.swift */,
				E1DD4E1A2B536F56005CD295 /* LocationSearchModel.swift */,
				E12CBB772B5CBB2B00B79FB8 /* RideDetailsModel.swift */,
				E17E35FB2B9CE2C60054AA2D /* StripeModel.swift */,
			);
			path = ViewModels;
			sourceTree = "<group>";
		};
		E17F66B32B5239D40085FE81 /* Login */ = {
			isa = PBXGroup;
			children = (
				E17F66A02B5102C80085FE81 /* SignupView.swift */,
				E17F669A2B50C91A0085FE81 /* LoginView.swift */,
			);
			path = Login;
			sourceTree = "<group>";
		};
		E1DD4E0C2B530DA0005CD295 /* Extensions */ = {
			isa = PBXGroup;
			children = (
				E1DD4E0D2B530DB7005CD295 /* Color.swift */,
				E12CBB752B5B525A00B79FB8 /* MKMapRect.swift */,
				E12CBB7F2B5CC43100B79FB8 /* Double.swift */,
				E1D5DC542B86F78400A78C03 /* Date.swift */,
			);
			path = Extensions;
			sourceTree = "<group>";
		};
		E1DD4E152B5333A8005CD295 /* Structs */ = {
			isa = PBXGroup;
			children = (
				E1DD4E162B53340C005CD295 /* User.swift */,
				E1DD4E2D2B537C46005CD295 /* Location.swift */,
				E12CBB7D2B5CC02800B79FB8 /* VehicleSelection.swift */,
				E17E35FD2B9CF7860054AA2D /* PriceResponse.swift */,
				E13EA77E2BAFB7AF00FD3533 /* Ride.swift */,
			);
			path = Structs;
			sourceTree = "<group>";
		};
		E1DD4E1F2B5371A8005CD295 /* Enums */ = {
			isa = PBXGroup;
			children = (
				E1DD4E202B5371BC005CD295 /* SearchField.swift */,
				E1DD4E222B5371E5005CD295 /* SearchUserState.swift */,
				E1DD4E2B2B5378DD005CD295 /* MapViewState.swift */,
				E12CBB7B2B5CBF0300B79FB8 /* VehicleType.swift */,
			);
			path = Enums;
			sourceTree = "<group>";
		};
		E1DD4E242B53729E005CD295 /* Search */ = {
			isa = PBXGroup;
			children = (
				E1DD4E1C2B5370B4005CD295 /* SearchView.swift */,
				E1DD4E252B5372B4005CD295 /* LocationSearchResultCell.swift */,
			);
			path = Search;
			sourceTree = "<group>";
		};
		E1DD4E312B586B95005CD295 /* Details */ = {
			isa = PBXGroup;
			children = (
				E1DD4E352B586C4B005CD295 /* AddressBar.swift */,
				E1DD4E342B586BE8005CD295 /* Sheet */,
			);
			path = Details;
			sourceTree = "<group>";
		};
		E1DD4E322B586BA0005CD295 /* Review */ = {
			isa = PBXGroup;
			children = (
				E1EB915E2B65DCF9008558F8 /* ReviewOrderView.swift */,
				E1EB91602B65DD40008558F8 /* RideDetailsSubview.swift */,
				E1EB91622B65DD5B008558F8 /* LocationDetailsSubview.swift */,
				E1EB91642B65DD7F008558F8 /* TipSubview.swift */,
				E1EB91662B65DDC5008558F8 /* PricesSummarySubview.swift */,
			);
			path = Review;
			sourceTree = "<group>";
		};
		E1DD4E342B586BE8005CD295 /* Sheet */ = {
			isa = PBXGroup;
			children = (
				E1DD4E372B586FD2005CD295 /* SheetView.swift */,
				E1DD4E392B5871B1005CD295 /* SuggestedRidesView.swift */,
				E1DD4E3B2B58730F005CD295 /* RideOptionView.swift */,
				E1EB91582B61E7F6008558F8 /* DetailsSheetView.swift */,
				E1EB915A2B61E89E008558F8 /* ConfirmAirportDetailsSheet.swift */,
			);
			path = Sheet;
			sourceTree = "<group>";
		};
		E1DD4E3D2B59F746005CD295 /* Core */ = {
			isa = PBXGroup;
			children = (
				E17F66B32B5239D40085FE81 /* Login */,
				E17F66A82B52391C0085FE81 /* Booking */,
				E17F66A92B5239280085FE81 /* Rides */,
				E17F66AA2B52392E0085FE81 /* Settings */,
			);
			path = Core;
			sourceTree = "<group>";
		};
/* End PBXGroup section */

/* Begin PBXNativeTarget section */
		E17F66772B50C47E0085FE81 /* Marco Island Express */ = {
			isa = PBXNativeTarget;
			buildConfigurationList = E17F66862B50C47F0085FE81 /* Build configuration list for PBXNativeTarget "Marco Island Express" */;
			buildPhases = (
				E17F66742B50C47E0085FE81 /* Sources */,
				E17F66752B50C47E0085FE81 /* Frameworks */,
				E17F66762B50C47E0085FE81 /* Resources */,
			);
			buildRules = (
			);
			dependencies = (
			);
			name = "Marco Island Express";
			packageProductDependencies = (
				E17F668E2B50C5EA0085FE81 /* FirebaseAnalytics */,
				E17F66902B50C5EA0085FE81 /* FirebaseAuth */,
				E17F66922B50C5EA0085FE81 /* FirebaseCrashlytics */,
				E17F66942B50C5EA0085FE81 /* FirebaseFirestore */,
				E17F66962B50C5EA0085FE81 /* FirebaseMessaging */,
				E17E35EF2B9CDA3C0054AA2D /* Stripe */,
				E17E35F12B9CDA3C0054AA2D /* StripePaymentSheet */,
				E17E35F32B9CDA3C0054AA2D /* StripePayments */,
				E17E35F52B9CDA3C0054AA2D /* StripePaymentsUI */,
			);
			productName = "Marco Island Express";
			productReference = E17F66782B50C47E0085FE81 /* Marco Island Express.app */;
			productType = "com.apple.product-type.application";
		};
/* End PBXNativeTarget section */

/* Begin PBXProject section */
		E17F66702B50C47E0085FE81 /* Project object */ = {
			isa = PBXProject;
			attributes = {
				BuildIndependentTargetsInParallel = 1;
				LastSwiftUpdateCheck = 1430;
				LastUpgradeCheck = 1430;
				TargetAttributes = {
					E17F66772B50C47E0085FE81 = {
						CreatedOnToolsVersion = 14.3.1;
					};
				};
			};
			buildConfigurationList = E17F66732B50C47E0085FE81 /* Build configuration list for PBXProject "Marco Island Express" */;
			compatibilityVersion = "Xcode 14.0";
			developmentRegion = en;
			hasScannedForEncodings = 0;
			knownRegions = (
				en,
				Base,
			);
			mainGroup = E17F666F2B50C47E0085FE81;
			packageReferences = (
				E17F668D2B50C5EA0085FE81 /* XCRemoteSwiftPackageReference "firebase-ios-sdk" */,
				E17E35EE2B9CDA3B0054AA2D /* XCRemoteSwiftPackageReference "stripe-ios-spm" */,
			);
			productRefGroup = E17F66792B50C47E0085FE81 /* Products */;
			projectDirPath = "";
			projectRoot = "";
			targets = (
				E17F66772B50C47E0085FE81 /* Marco Island Express */,
			);
		};
/* End PBXProject section */

/* Begin PBXResourcesBuildPhase section */
		E17F66762B50C47E0085FE81 /* Resources */ = {
			isa = PBXResourcesBuildPhase;
			buildActionMask = 2147483647;
			files = (
				E17F66832B50C47F0085FE81 /* Preview Assets.xcassets in Resources */,
				E17F66802B50C47F0085FE81 /* Assets.xcassets in Resources */,
				E17F668A2B50C5680085FE81 /* GoogleService-Info.plist in Resources */,
			);
			runOnlyForDeploymentPostprocessing = 0;
		};
/* End PBXResourcesBuildPhase section */

/* Begin PBXSourcesBuildPhase section */
		E17F66742B50C47E0085FE81 /* Sources */ = {
			isa = PBXSourcesBuildPhase;
			buildActionMask = 2147483647;
			files = (
				E13EA77B2BAFB72B00FD3533 /* RideDetailView.swift in Sources */,
				E13EA7812BB0DFCE00FD3533 /* RidesPicker.swift in Sources */,
				E17F66A12B5102C80085FE81 /* SignupView.swift in Sources */,
				E1DD4E1D2B5370B4005CD295 /* SearchView.swift in Sources */,
				E17F669F2B50D45E0085FE81 /* AccentButton.swift in Sources */,
				E1EB91692B75B0D8008558F8 /* TipPicker.swift in Sources */,
				E1EB91612B65DD40008558F8 /* RideDetailsSubview.swift in Sources */,
				E1DD4E2C2B5378DD005CD295 /* MapViewState.swift in Sources */,
				E17F66B02B5239610085FE81 /* BookView.swift in Sources */,
				E1DD4E2E2B537C46005CD295 /* Location.swift in Sources */,
				E1EB915F2B65DCF9008558F8 /* ReviewOrderView.swift in Sources */,
				E1DD4E172B53340C005CD295 /* User.swift in Sources */,
				E1DD4E212B5371BC005CD295 /* SearchField.swift in Sources */,
				E13EA77F2BAFB7AF00FD3533 /* Ride.swift in Sources */,
				E13EA77D2BAFB77100FD3533 /* RideCell.swift in Sources */,
				E12CBB782B5CBB2B00B79FB8 /* RideDetailsModel.swift in Sources */,
				E1DD4E192B5344A7005CD295 /* RootView.swift in Sources */,
				E1DD4E0E2B530DB7005CD295 /* Color.swift in Sources */,
				E1D5DC552B86F78400A78C03 /* Date.swift in Sources */,
				E1EB91652B65DD7F008558F8 /* TipSubview.swift in Sources */,
				E12CBB7C2B5CBF0300B79FB8 /* VehicleType.swift in Sources */,
				E1DD4E282B537587005CD295 /* MapView.swift in Sources */,
				E17E35FC2B9CE2C60054AA2D /* StripeModel.swift in Sources */,
				E1DD4E362B586C4B005CD295 /* AddressBar.swift in Sources */,
				E1EB91632B65DD5B008558F8 /* LocationDetailsSubview.swift in Sources */,
				E12CBB762B5B525A00B79FB8 /* MKMapRect.swift in Sources */,
				E1EB91672B65DDC6008558F8 /* PricesSummarySubview.swift in Sources */,
				E17F669D2B50CF090085FE81 /* CustomTextField.swift in Sources */,
				E12CBB7E2B5CC02800B79FB8 /* VehicleSelection.swift in Sources */,
				E17F669B2B50C91A0085FE81 /* LoginView.swift in Sources */,
				E17F66AC2B5239400085FE81 /* SettingsView.swift in Sources */,
				E17F66A52B51F4FE0085FE81 /* MenuButton.swift in Sources */,
				E17F66AE2B52394D0085FE81 /* RidesView.swift in Sources */,
				E1DD4E1B2B536F56005CD295 /* LocationSearchModel.swift in Sources */,
				E17F66992B50C8DE0085FE81 /* HomeView.swift in Sources */,
				E17F667C2B50C47E0085FE81 /* Marco_Island_ExpressApp.swift in Sources */,
				E1EB915B2B61E89E008558F8 /* ConfirmAirportDetailsSheet.swift in Sources */,
				E1DD4E232B5371E5005CD295 /* SearchUserState.swift in Sources */,
				E1DD4E382B586FD2005CD295 /* SheetView.swift in Sources */,
				E17E35FE2B9CF7860054AA2D /* PriceResponse.swift in Sources */,
				E1EB91592B61E7F6008558F8 /* DetailsSheetView.swift in Sources */,
				E1DD4E3C2B587310005CD295 /* RideOptionView.swift in Sources */,
				E1DD4E3A2B5871B1005CD295 /* SuggestedRidesView.swift in Sources */,
				E1DD4E142B533317005CD295 /* UserModel.swift in Sources */,
				E1DD4E122B532DE7005CD295 /* ActionButton.swift in Sources */,
				E1DD4E262B5372B4005CD295 /* LocationSearchResultCell.swift in Sources */,
				E12CBB802B5CC43100B79FB8 /* Double.swift in Sources */,
				E1DD4E2A2B537615005CD295 /* SearchButton.swift in Sources */,
			);
			runOnlyForDeploymentPostprocessing = 0;
		};
/* End PBXSourcesBuildPhase section */

/* Begin XCBuildConfiguration section */
		E17F66842B50C47F0085FE81 /* Debug */ = {
			isa = XCBuildConfiguration;
			buildSettings = {
				ALWAYS_SEARCH_USER_PATHS = NO;
				CLANG_ANALYZER_NONNULL = YES;
				CLANG_ANALYZER_NUMBER_OBJECT_CONVERSION = YES_AGGRESSIVE;
				CLANG_CXX_LANGUAGE_STANDARD = "gnu++20";
				CLANG_ENABLE_MODULES = YES;
				CLANG_ENABLE_OBJC_ARC = YES;
				CLANG_ENABLE_OBJC_WEAK = YES;
				CLANG_WARN_BLOCK_CAPTURE_AUTORELEASING = YES;
				CLANG_WARN_BOOL_CONVERSION = YES;
				CLANG_WARN_COMMA = YES;
				CLANG_WARN_CONSTANT_CONVERSION = YES;
				CLANG_WARN_DEPRECATED_OBJC_IMPLEMENTATIONS = YES;
				CLANG_WARN_DIRECT_OBJC_ISA_USAGE = YES_ERROR;
				CLANG_WARN_DOCUMENTATION_COMMENTS = YES;
				CLANG_WARN_EMPTY_BODY = YES;
				CLANG_WARN_ENUM_CONVERSION = YES;
				CLANG_WARN_INFINITE_RECURSION = YES;
				CLANG_WARN_INT_CONVERSION = YES;
				CLANG_WARN_NON_LITERAL_NULL_CONVERSION = YES;
				CLANG_WARN_OBJC_IMPLICIT_RETAIN_SELF = YES;
				CLANG_WARN_OBJC_LITERAL_CONVERSION = YES;
				CLANG_WARN_OBJC_ROOT_CLASS = YES_ERROR;
				CLANG_WARN_QUOTED_INCLUDE_IN_FRAMEWORK_HEADER = YES;
				CLANG_WARN_RANGE_LOOP_ANALYSIS = YES;
				CLANG_WARN_STRICT_PROTOTYPES = YES;
				CLANG_WARN_SUSPICIOUS_MOVE = YES;
				CLANG_WARN_UNGUARDED_AVAILABILITY = YES_AGGRESSIVE;
				CLANG_WARN_UNREACHABLE_CODE = YES;
				CLANG_WARN__DUPLICATE_METHOD_MATCH = YES;
				COPY_PHASE_STRIP = NO;
				DEBUG_INFORMATION_FORMAT = dwarf;
				ENABLE_STRICT_OBJC_MSGSEND = YES;
				ENABLE_TESTABILITY = YES;
				GCC_C_LANGUAGE_STANDARD = gnu11;
				GCC_DYNAMIC_NO_PIC = NO;
				GCC_NO_COMMON_BLOCKS = YES;
				GCC_OPTIMIZATION_LEVEL = 0;
				GCC_PREPROCESSOR_DEFINITIONS = (
					"DEBUG=1",
					"$(inherited)",
				);
				GCC_WARN_64_TO_32_BIT_CONVERSION = YES;
				GCC_WARN_ABOUT_RETURN_TYPE = YES_ERROR;
				GCC_WARN_UNDECLARED_SELECTOR = YES;
				GCC_WARN_UNINITIALIZED_AUTOS = YES_AGGRESSIVE;
				GCC_WARN_UNUSED_FUNCTION = YES;
				GCC_WARN_UNUSED_VARIABLE = YES;
				IPHONEOS_DEPLOYMENT_TARGET = 16.4;
				MTL_ENABLE_DEBUG_INFO = INCLUDE_SOURCE;
				MTL_FAST_MATH = YES;
				ONLY_ACTIVE_ARCH = YES;
				SDKROOT = iphoneos;
				SWIFT_ACTIVE_COMPILATION_CONDITIONS = DEBUG;
				SWIFT_OPTIMIZATION_LEVEL = "-Onone";
			};
			name = Debug;
		};
		E17F66852B50C47F0085FE81 /* Release */ = {
			isa = XCBuildConfiguration;
			buildSettings = {
				ALWAYS_SEARCH_USER_PATHS = NO;
				CLANG_ANALYZER_NONNULL = YES;
				CLANG_ANALYZER_NUMBER_OBJECT_CONVERSION = YES_AGGRESSIVE;
				CLANG_CXX_LANGUAGE_STANDARD = "gnu++20";
				CLANG_ENABLE_MODULES = YES;
				CLANG_ENABLE_OBJC_ARC = YES;
				CLANG_ENABLE_OBJC_WEAK = YES;
				CLANG_WARN_BLOCK_CAPTURE_AUTORELEASING = YES;
				CLANG_WARN_BOOL_CONVERSION = YES;
				CLANG_WARN_COMMA = YES;
				CLANG_WARN_CONSTANT_CONVERSION = YES;
				CLANG_WARN_DEPRECATED_OBJC_IMPLEMENTATIONS = YES;
				CLANG_WARN_DIRECT_OBJC_ISA_USAGE = YES_ERROR;
				CLANG_WARN_DOCUMENTATION_COMMENTS = YES;
				CLANG_WARN_EMPTY_BODY = YES;
				CLANG_WARN_ENUM_CONVERSION = YES;
				CLANG_WARN_INFINITE_RECURSION = YES;
				CLANG_WARN_INT_CONVERSION = YES;
				CLANG_WARN_NON_LITERAL_NULL_CONVERSION = YES;
				CLANG_WARN_OBJC_IMPLICIT_RETAIN_SELF = YES;
				CLANG_WARN_OBJC_LITERAL_CONVERSION = YES;
				CLANG_WARN_OBJC_ROOT_CLASS = YES_ERROR;
				CLANG_WARN_QUOTED_INCLUDE_IN_FRAMEWORK_HEADER = YES;
				CLANG_WARN_RANGE_LOOP_ANALYSIS = YES;
				CLANG_WARN_STRICT_PROTOTYPES = YES;
				CLANG_WARN_SUSPICIOUS_MOVE = YES;
				CLANG_WARN_UNGUARDED_AVAILABILITY = YES_AGGRESSIVE;
				CLANG_WARN_UNREACHABLE_CODE = YES;
				CLANG_WARN__DUPLICATE_METHOD_MATCH = YES;
				COPY_PHASE_STRIP = NO;
				DEBUG_INFORMATION_FORMAT = "dwarf-with-dsym";
				ENABLE_NS_ASSERTIONS = NO;
				ENABLE_STRICT_OBJC_MSGSEND = YES;
				GCC_C_LANGUAGE_STANDARD = gnu11;
				GCC_NO_COMMON_BLOCKS = YES;
				GCC_WARN_64_TO_32_BIT_CONVERSION = YES;
				GCC_WARN_ABOUT_RETURN_TYPE = YES_ERROR;
				GCC_WARN_UNDECLARED_SELECTOR = YES;
				GCC_WARN_UNINITIALIZED_AUTOS = YES_AGGRESSIVE;
				GCC_WARN_UNUSED_FUNCTION = YES;
				GCC_WARN_UNUSED_VARIABLE = YES;
				IPHONEOS_DEPLOYMENT_TARGET = 16.4;
				MTL_ENABLE_DEBUG_INFO = NO;
				MTL_FAST_MATH = YES;
				SDKROOT = iphoneos;
				SWIFT_COMPILATION_MODE = wholemodule;
				SWIFT_OPTIMIZATION_LEVEL = "-O";
				VALIDATE_PRODUCT = YES;
			};
			name = Release;
		};
		E17F66872B50C47F0085FE81 /* Debug */ = {
			isa = XCBuildConfiguration;
			buildSettings = {
				ASSETCATALOG_COMPILER_APPICON_NAME = AppIcon;
				ASSETCATALOG_COMPILER_GLOBAL_ACCENT_COLOR_NAME = AccentColor;
				CODE_SIGN_STYLE = Automatic;
				CURRENT_PROJECT_VERSION = 1;
				DEVELOPMENT_ASSET_PATHS = "\"Marco Island Express/Preview Content\"";
				ENABLE_PREVIEWS = YES;
				GENERATE_INFOPLIST_FILE = YES;
				INFOPLIST_FILE = "Marco-Island-Express-Info.plist";
				INFOPLIST_KEY_UIApplicationSceneManifest_Generation = YES;
				INFOPLIST_KEY_UIApplicationSupportsIndirectInputEvents = YES;
				INFOPLIST_KEY_UISupportedInterfaceOrientations_iPad = "UIInterfaceOrientationPortrait UIInterfaceOrientationPortraitUpsideDown UIInterfaceOrientationLandscapeLeft UIInterfaceOrientationLandscapeRight";
				INFOPLIST_KEY_UISupportedInterfaceOrientations_iPhone = "UIInterfaceOrientationPortrait UIInterfaceOrientationLandscapeLeft UIInterfaceOrientationLandscapeRight";
				IPHONEOS_DEPLOYMENT_TARGET = 17.0;
				LD_RUNPATH_SEARCH_PATHS = (
					"$(inherited)",
					"@executable_path/Frameworks",
				);
				MARKETING_VERSION = 1.0;
				PRODUCT_BUNDLE_IDENTIFIER = "com.marcoislandexpresscarservice.Marco-Island-Express";
				PRODUCT_NAME = "$(TARGET_NAME)";
				SWIFT_EMIT_LOC_STRINGS = YES;
				SWIFT_VERSION = 5.0;
				TARGETED_DEVICE_FAMILY = "1,2";
			};
			name = Debug;
		};
		E17F66882B50C47F0085FE81 /* Release */ = {
			isa = XCBuildConfiguration;
			buildSettings = {
				ASSETCATALOG_COMPILER_APPICON_NAME = AppIcon;
				ASSETCATALOG_COMPILER_GLOBAL_ACCENT_COLOR_NAME = AccentColor;
				CODE_SIGN_STYLE = Automatic;
				CURRENT_PROJECT_VERSION = 1;
				DEVELOPMENT_ASSET_PATHS = "\"Marco Island Express/Preview Content\"";
				ENABLE_PREVIEWS = YES;
				GENERATE_INFOPLIST_FILE = YES;
				INFOPLIST_FILE = "Marco-Island-Express-Info.plist";
				INFOPLIST_KEY_UIApplicationSceneManifest_Generation = YES;
				INFOPLIST_KEY_UIApplicationSupportsIndirectInputEvents = YES;
				INFOPLIST_KEY_UISupportedInterfaceOrientations_iPad = "UIInterfaceOrientationPortrait UIInterfaceOrientationPortraitUpsideDown UIInterfaceOrientationLandscapeLeft UIInterfaceOrientationLandscapeRight";
				INFOPLIST_KEY_UISupportedInterfaceOrientations_iPhone = "UIInterfaceOrientationPortrait UIInterfaceOrientationLandscapeLeft UIInterfaceOrientationLandscapeRight";
				IPHONEOS_DEPLOYMENT_TARGET = 17.0;
				LD_RUNPATH_SEARCH_PATHS = (
					"$(inherited)",
					"@executable_path/Frameworks",
				);
				MARKETING_VERSION = 1.0;
				PRODUCT_BUNDLE_IDENTIFIER = "com.marcoislandexpresscarservice.Marco-Island-Express";
				PRODUCT_NAME = "$(TARGET_NAME)";
				SWIFT_EMIT_LOC_STRINGS = YES;
				SWIFT_VERSION = 5.0;
				TARGETED_DEVICE_FAMILY = "1,2";
			};
			name = Release;
		};
/* End XCBuildConfiguration section */

/* Begin XCConfigurationList section */
		E17F66732B50C47E0085FE81 /* Build configuration list for PBXProject "Marco Island Express" */ = {
			isa = XCConfigurationList;
			buildConfigurations = (
				E17F66842B50C47F0085FE81 /* Debug */,
				E17F66852B50C47F0085FE81 /* Release */,
			);
			defaultConfigurationIsVisible = 0;
			defaultConfigurationName = Release;
		};
		E17F66862B50C47F0085FE81 /* Build configuration list for PBXNativeTarget "Marco Island Express" */ = {
			isa = XCConfigurationList;
			buildConfigurations = (
				E17F66872B50C47F0085FE81 /* Debug */,
				E17F66882B50C47F0085FE81 /* Release */,
			);
			defaultConfigurationIsVisible = 0;
			defaultConfigurationName = Release;
		};
/* End XCConfigurationList section */

/* Begin XCRemoteSwiftPackageReference section */
		E17E35EE2B9CDA3B0054AA2D /* XCRemoteSwiftPackageReference "stripe-ios-spm" */ = {
			isa = XCRemoteSwiftPackageReference;
			repositoryURL = "https://github.com/stripe/stripe-ios-spm";
			requirement = {
				kind = upToNextMajorVersion;
				minimumVersion = 23.24.1;
			};
		};
		E17F668D2B50C5EA0085FE81 /* XCRemoteSwiftPackageReference "firebase-ios-sdk" */ = {
			isa = XCRemoteSwiftPackageReference;
			repositoryURL = "https://github.com/firebase/firebase-ios-sdk.git";
			requirement = {
				kind = upToNextMajorVersion;
				minimumVersion = 10.0.0;
			};
		};
/* End XCRemoteSwiftPackageReference section */

/* Begin XCSwiftPackageProductDependency section */
		E17E35EF2B9CDA3C0054AA2D /* Stripe */ = {
			isa = XCSwiftPackageProductDependency;
			package = E17E35EE2B9CDA3B0054AA2D /* XCRemoteSwiftPackageReference "stripe-ios-spm" */;
			productName = Stripe;
		};
		E17E35F12B9CDA3C0054AA2D /* StripePaymentSheet */ = {
			isa = XCSwiftPackageProductDependency;
			package = E17E35EE2B9CDA3B0054AA2D /* XCRemoteSwiftPackageReference "stripe-ios-spm" */;
			productName = StripePaymentSheet;
		};
		E17E35F32B9CDA3C0054AA2D /* StripePayments */ = {
			isa = XCSwiftPackageProductDependency;
			package = E17E35EE2B9CDA3B0054AA2D /* XCRemoteSwiftPackageReference "stripe-ios-spm" */;
			productName = StripePayments;
		};
		E17E35F52B9CDA3C0054AA2D /* StripePaymentsUI */ = {
			isa = XCSwiftPackageProductDependency;
			package = E17E35EE2B9CDA3B0054AA2D /* XCRemoteSwiftPackageReference "stripe-ios-spm" */;
			productName = StripePaymentsUI;
		};
		E17F668E2B50C5EA0085FE81 /* FirebaseAnalytics */ = {
			isa = XCSwiftPackageProductDependency;
			package = E17F668D2B50C5EA0085FE81 /* XCRemoteSwiftPackageReference "firebase-ios-sdk" */;
			productName = FirebaseAnalytics;
		};
		E17F66902B50C5EA0085FE81 /* FirebaseAuth */ = {
			isa = XCSwiftPackageProductDependency;
			package = E17F668D2B50C5EA0085FE81 /* XCRemoteSwiftPackageReference "firebase-ios-sdk" */;
			productName = FirebaseAuth;
		};
		E17F66922B50C5EA0085FE81 /* FirebaseCrashlytics */ = {
			isa = XCSwiftPackageProductDependency;
			package = E17F668D2B50C5EA0085FE81 /* XCRemoteSwiftPackageReference "firebase-ios-sdk" */;
			productName = FirebaseCrashlytics;
		};
		E17F66942B50C5EA0085FE81 /* FirebaseFirestore */ = {
			isa = XCSwiftPackageProductDependency;
			package = E17F668D2B50C5EA0085FE81 /* XCRemoteSwiftPackageReference "firebase-ios-sdk" */;
			productName = FirebaseFirestore;
		};
		E17F66962B50C5EA0085FE81 /* FirebaseMessaging */ = {
			isa = XCSwiftPackageProductDependency;
			package = E17F668D2B50C5EA0085FE81 /* XCRemoteSwiftPackageReference "firebase-ios-sdk" */;
			productName = FirebaseMessaging;
		};
/* End XCSwiftPackageProductDependency section */
	};
	rootObject = E17F66702B50C47E0085FE81 /* Project object */;
}
